// !$*UTF8*$!
{
	archiveVersion = 1;
	classes = {
	};
	objectVersion = 56;
	objects = {

/* Begin PBXBuildFile section */
		6CDBE1B029D66B3B0006A516 /* Movie_Booking_ReservationApp.swift in Sources */ = {isa = PBXBuildFile; fileRef = 6CDBE1AF29D66B3B0006A516 /* Movie_Booking_ReservationApp.swift */; };
		6CDBE1B229D66B3B0006A516 /* ContentView.swift in Sources */ = {isa = PBXBuildFile; fileRef = 6CDBE1B129D66B3B0006A516 /* ContentView.swift */; };
		6CDBE1B429D66B3D0006A516 /* Assets.xcassets in Resources */ = {isa = PBXBuildFile; fileRef = 6CDBE1B329D66B3D0006A516 /* Assets.xcassets */; };
		6CDBE1B729D66B3D0006A516 /* Preview Assets.xcassets in Resources */ = {isa = PBXBuildFile; fileRef = 6CDBE1B629D66B3D0006A516 /* Preview Assets.xcassets */; };
		6CDBE1BF29D66B900006A516 /* TicketView.swift in Sources */ = {isa = PBXBuildFile; fileRef = 6CDBE1BE29D66B900006A516 /* TicketView.swift */; };
		6CDBE1C729D66F200006A516 /* StatusUI.swift in Sources */ = {isa = PBXBuildFile; fileRef = 6CDBE1C629D66F200006A516 /* StatusUI.swift */; };
		6CDBE1C929D66F360006A516 /* CircleBackground.swift in Sources */ = {isa = PBXBuildFile; fileRef = 6CDBE1C829D66F360006A516 /* CircleBackground.swift */; };
		6CDBE1CC29D670F00006A516 /* TicketData.swift in Sources */ = {isa = PBXBuildFile; fileRef = 6CDBE1CB29D670F00006A516 /* TicketData.swift */; };
		6CDBE1CF29D6718F0006A516 /* Ticket.swift in Sources */ = {isa = PBXBuildFile; fileRef = 6CDBE1CE29D6718F0006A516 /* Ticket.swift */; };
		6CDBE1D129D675820006A516 /* utils.swift in Sources */ = {isa = PBXBuildFile; fileRef = 6CDBE1D029D675820006A516 /* utils.swift */; };
/* End PBXBuildFile section */

/* Begin PBXFileReference section */
		6CDBE1AC29D66B3B0006A516 /* Movie Booking Reservation.app */ = {isa = PBXFileReference; explicitFileType = wrapper.application; includeInIndex = 0; path = "Movie Booking Reservation.app"; sourceTree = BUILT_PRODUCTS_DIR; };
		6CDBE1AF29D66B3B0006A516 /* Movie_Booking_ReservationApp.swift */ = {isa = PBXFileReference; lastKnownFileType = sourcecode.swift; path = Movie_Booking_ReservationApp.swift; sourceTree = "<group>"; };
		6CDBE1B129D66B3B0006A516 /* ContentView.swift */ = {isa = PBXFileReference; lastKnownFileType = sourcecode.swift; path = ContentView.swift; sourceTree = "<group>"; };
		6CDBE1B329D66B3D0006A516 /* Assets.xcassets */ = {isa = PBXFileReference; lastKnownFileType = folder.assetcatalog; path = Assets.xcassets; sourceTree = "<group>"; };
		6CDBE1B629D66B3D0006A516 /* Preview Assets.xcassets */ = {isa = PBXFileReference; lastKnownFileType = folder.assetcatalog; path = "Preview Assets.xcassets"; sourceTree = "<group>"; };
		6CDBE1BE29D66B900006A516 /* TicketView.swift */ = {isa = PBXFileReference; lastKnownFileType = sourcecode.swift; path = TicketView.swift; sourceTree = "<group>"; };
		6CDBE1C629D66F200006A516 /* StatusUI.swift */ = {isa = PBXFileReference; fileEncoding = 4; lastKnownFileType = sourcecode.swift; path = StatusUI.swift; sourceTree = "<group>"; };
		6CDBE1C829D66F360006A516 /* CircleBackground.swift */ = {isa = PBXFileReference; fileEncoding = 4; lastKnownFileType = sourcecode.swift; path = CircleBackground.swift; sourceTree = "<group>"; };
		6CDBE1CB29D670F00006A516 /* TicketData.swift */ = {isa = PBXFileReference; fileEncoding = 4; lastKnownFileType = sourcecode.swift; path = TicketData.swift; sourceTree = "<group>"; };
		6CDBE1CE29D6718F0006A516 /* Ticket.swift */ = {isa = PBXFileReference; lastKnownFileType = sourcecode.swift; path = Ticket.swift; sourceTree = "<group>"; };
		6CDBE1D029D675820006A516 /* utils.swift */ = {isa = PBXFileReference; fileEncoding = 4; lastKnownFileType = sourcecode.swift; path = utils.swift; sourceTree = "<group>"; };
/* End PBXFileReference section */

/* Begin PBXFrameworksBuildPhase section */
		6CDBE1A929D66B3B0006A516 /* Frameworks */ = {
			isa = PBXFrameworksBuildPhase;
			buildActionMask = 2147483647;
			files = (
			);
			runOnlyForDeploymentPostprocessing = 0;
		};
/* End PBXFrameworksBuildPhase section */

/* Begin PBXGroup section */
		6CDBE1A329D66B3B0006A516 = {
			isa = PBXGroup;
			children = (
				6CDBE1AE29D66B3B0006A516 /* Movie Booking Reservation */,
				6CDBE1AD29D66B3B0006A516 /* Products */,
			);
			sourceTree = "<group>";
		};
		6CDBE1AD29D66B3B0006A516 /* Products */ = {
			isa = PBXGroup;
			children = (
				6CDBE1AC29D66B3B0006A516 /* Movie Booking Reservation.app */,
			);
			name = Products;
			sourceTree = "<group>";
		};
		6CDBE1AE29D66B3B0006A516 /* Movie Booking Reservation */ = {
			isa = PBXGroup;
			children = (
				6CDBE1D029D675820006A516 /* utils.swift */,
				6CDBE1CD29D6714B0006A516 /* Cards */,
				6CDBE1CB29D670F00006A516 /* TicketData.swift */,
				6CDBE1BD29D66B870006A516 /* Views */,
				6CDBE1AF29D66B3B0006A516 /* Movie_Booking_ReservationApp.swift */,
				6CDBE1B129D66B3B0006A516 /* ContentView.swift */,
				6CDBE1B329D66B3D0006A516 /* Assets.xcassets */,
				6CDBE1B529D66B3D0006A516 /* Preview Content */,
			);
			path = "Movie Booking Reservation";
			sourceTree = "<group>";
		};
		6CDBE1B529D66B3D0006A516 /* Preview Content */ = {
			isa = PBXGroup;
			children = (
				6CDBE1B629D66B3D0006A516 /* Preview Assets.xcassets */,
			);
			path = "Preview Content";
			sourceTree = "<group>";
		};
		6CDBE1BD29D66B870006A516 /* Views */ = {
			isa = PBXGroup;
			children = (
				6CDBE1BE29D66B900006A516 /* TicketView.swift */,
				6CDBE1CA29D66F450006A516 /* UI */,
			);
			path = Views;
			sourceTree = "<group>";
		};
		6CDBE1CA29D66F450006A516 /* UI */ = {
			isa = PBXGroup;
			children = (
				6CDBE1C629D66F200006A516 /* StatusUI.swift */,
				6CDBE1C829D66F360006A516 /* CircleBackground.swift */,
			);
			path = UI;
			sourceTree = "<group>";
		};
		6CDBE1CD29D6714B0006A516 /* Cards */ = {
			isa = PBXGroup;
			children = (
				6CDBE1CE29D6718F0006A516 /* Ticket.swift */,
			);
			path = Cards;
			sourceTree = "<group>";
		};
/* End PBXGroup section */

/* Begin PBXNativeTarget section */
		6CDBE1AB29D66B3B0006A516 /* Movie Booking Reservation */ = {
			isa = PBXNativeTarget;
			buildConfigurationList = 6CDBE1BA29D66B3D0006A516 /* Build configuration list for PBXNativeTarget "Movie Booking Reservation" */;
			buildPhases = (
				6CDBE1A829D66B3B0006A516 /* Sources */,
				6CDBE1A929D66B3B0006A516 /* Frameworks */,
				6CDBE1AA29D66B3B0006A516 /* Resources */,
			);
			buildRules = (
			);
			dependencies = (
			);
			name = "Movie Booking Reservation";
			productName = "Movie Booking Reservation";
			productReference = 6CDBE1AC29D66B3B0006A516 /* Movie Booking Reservation.app */;
			productType = "com.apple.product-type.application";
		};
/* End PBXNativeTarget section */

/* Begin PBXProject section */
		6CDBE1A429D66B3B0006A516 /* Project object */ = {
			isa = PBXProject;
			attributes = {
				BuildIndependentTargetsInParallel = 1;
				LastSwiftUpdateCheck = 1420;
				LastUpgradeCheck = 1420;
				TargetAttributes = {
					6CDBE1AB29D66B3B0006A516 = {
						CreatedOnToolsVersion = 14.2;
					};
				};
			};
			buildConfigurationList = 6CDBE1A729D66B3B0006A516 /* Build configuration list for PBXProject "Movie Booking Reservation" */;
			compatibilityVersion = "Xcode 14.0";
			developmentRegion = en;
			hasScannedForEncodings = 0;
			knownRegions = (
				en,
				Base,
			);
			mainGroup = 6CDBE1A329D66B3B0006A516;
			productRefGroup = 6CDBE1AD29D66B3B0006A516 /* Products */;
			projectDirPath = "";
			projectRoot = "";
			targets = (
				6CDBE1AB29D66B3B0006A516 /* Movie Booking Reservation */,
			);
		};
/* End PBXProject section */

/* Begin PBXResourcesBuildPhase section */
		6CDBE1AA29D66B3B0006A516 /* Resources */ = {
			isa = PBXResourcesBuildPhase;
			buildActionMask = 2147483647;
			files = (
				6CDBE1B729D66B3D0006A516 /* Preview Assets.xcassets in Resources */,
				6CDBE1B429D66B3D0006A516 /* Assets.xcassets in Resources */,
			);
			runOnlyForDeploymentPostprocessing = 0;
		};
/* End PBXResourcesBuildPhase section */

/* Begin PBXSourcesBuildPhase section */
		6CDBE1A829D66B3B0006A516 /* Sources */ = {
			isa = PBXSourcesBuildPhase;
			buildActionMask = 2147483647;
			files = (
				6CDBE1BF29D66B900006A516 /* TicketView.swift in Sources */,
				6CDBE1B229D66B3B0006A516 /* ContentView.swift in Sources */,
				6CDBE1C929D66F360006A516 /* CircleBackground.swift in Sources */,
				6CDBE1CC29D670F00006A516 /* TicketData.swift in Sources */,
				6CDBE1C729D66F200006A516 /* StatusUI.swift in Sources */,
				6CDBE1CF29D6718F0006A516 /* Ticket.swift in Sources */,
				6CDBE1B029D66B3B0006A516 /* Movie_Booking_ReservationApp.swift in Sources */,
				6CDBE1D129D675820006A516 /* utils.swift in Sources */,
			);
			runOnlyForDeploymentPostprocessing = 0;
		};
/* End PBXSourcesBuildPhase section */

/* Begin XCBuildConfiguration section */
		6CDBE1B829D66B3D0006A516 /* Debug */ = {
			isa = XCBuildConfiguration;
			buildSettings = {
				ALWAYS_SEARCH_USER_PATHS = NO;
				CLANG_ANALYZER_NONNULL = YES;
				CLANG_ANALYZER_NUMBER_OBJECT_CONVERSION = YES_AGGRESSIVE;
				CLANG_CXX_LANGUAGE_STANDARD = "gnu++20";
				CLANG_ENABLE_MODULES = YES;
				CLANG_ENABLE_OBJC_ARC = YES;
				CLANG_ENABLE_OBJC_WEAK = YES;
				CLANG_WARN_BLOCK_CAPTURE_AUTORELEASING = YES;
				CLANG_WARN_BOOL_CONVERSION = YES;
				CLANG_WARN_COMMA = YES;
				CLANG_WARN_CONSTANT_CONVERSION = YES;
				CLANG_WARN_DEPRECATED_OBJC_IMPLEMENTATIONS = YES;
				CLANG_WARN_DIRECT_OBJC_ISA_USAGE = YES_ERROR;
				CLANG_WARN_DOCUMENTATION_COMMENTS = YES;
				CLANG_WARN_EMPTY_BODY = YES;
				CLANG_WARN_ENUM_CONVERSION = YES;
				CLANG_WARN_INFINITE_RECURSION = YES;
				CLANG_WARN_INT_CONVERSION = YES;
				CLANG_WARN_NON_LITERAL_NULL_CONVERSION = YES;
				CLANG_WARN_OBJC_IMPLICIT_RETAIN_SELF = YES;
				CLANG_WARN_OBJC_LITERAL_CONVERSION = YES;
				CLANG_WARN_OBJC_ROOT_CLASS = YES_ERROR;
				CLANG_WARN_QUOTED_INCLUDE_IN_FRAMEWORK_HEADER = YES;
				CLANG_WARN_RANGE_LOOP_ANALYSIS = YES;
				CLANG_WARN_STRICT_PROTOTYPES = YES;
				CLANG_WARN_SUSPICIOUS_MOVE = YES;
				CLANG_WARN_UNGUARDED_AVAILABILITY = YES_AGGRESSIVE;
				CLANG_WARN_UNREACHABLE_CODE = YES;
				CLANG_WARN__DUPLICATE_METHOD_MATCH = YES;
				COPY_PHASE_STRIP = NO;
				DEBUG_INFORMATION_FORMAT = dwarf;
				ENABLE_STRICT_OBJC_MSGSEND = YES;
				ENABLE_TESTABILITY = YES;
				GCC_C_LANGUAGE_STANDARD = gnu11;
				GCC_DYNAMIC_NO_PIC = NO;
				GCC_NO_COMMON_BLOCKS = YES;
				GCC_OPTIMIZATION_LEVEL = 0;
				GCC_PREPROCESSOR_DEFINITIONS = (
					"DEBUG=1",
					"$(inherited)",
				);
				GCC_WARN_64_TO_32_BIT_CONVERSION = YES;
				GCC_WARN_ABOUT_RETURN_TYPE = YES_ERROR;
				GCC_WARN_UNDECLARED_SELECTOR = YES;
				GCC_WARN_UNINITIALIZED_AUTOS = YES_AGGRESSIVE;
				GCC_WARN_UNUSED_FUNCTION = YES;
				GCC_WARN_UNUSED_VARIABLE = YES;
				IPHONEOS_DEPLOYMENT_TARGET = 16.2;
				MTL_ENABLE_DEBUG_INFO = INCLUDE_SOURCE;
				MTL_FAST_MATH = YES;
				ONLY_ACTIVE_ARCH = YES;
				SDKROOT = iphoneos;
				SWIFT_ACTIVE_COMPILATION_CONDITIONS = DEBUG;
				SWIFT_OPTIMIZATION_LEVEL = "-Onone";
			};
			name = Debug;
		};
		6CDBE1B929D66B3D0006A516 /* Release */ = {
			isa = XCBuildConfiguration;
			buildSettings = {
				ALWAYS_SEARCH_USER_PATHS = NO;
				CLANG_ANALYZER_NONNULL = YES;
				CLANG_ANALYZER_NUMBER_OBJECT_CONVERSION = YES_AGGRESSIVE;
				CLANG_CXX_LANGUAGE_STANDARD = "gnu++20";
				CLANG_ENABLE_MODULES = YES;
				CLANG_ENABLE_OBJC_ARC = YES;
				CLANG_ENABLE_OBJC_WEAK = YES;
				CLANG_WARN_BLOCK_CAPTURE_AUTORELEASING = YES;
				CLANG_WARN_BOOL_CONVERSION = YES;
				CLANG_WARN_COMMA = YES;
				CLANG_WARN_CONSTANT_CONVERSION = YES;
				CLANG_WARN_DEPRECATED_OBJC_IMPLEMENTATIONS = YES;
				CLANG_WARN_DIRECT_OBJC_ISA_USAGE = YES_ERROR;
				CLANG_WARN_DOCUMENTATION_COMMENTS = YES;
				CLANG_WARN_EMPTY_BODY = YES;
				CLANG_WARN_ENUM_CONVERSION = YES;
				CLANG_WARN_INFINITE_RECURSION = YES;
				CLANG_WARN_INT_CONVERSION = YES;
				CLANG_WARN_NON_LITERAL_NULL_CONVERSION = YES;
				CLANG_WARN_OBJC_IMPLICIT_RETAIN_SELF = YES;
				CLANG_WARN_OBJC_LITERAL_CONVERSION = YES;
				CLANG_WARN_OBJC_ROOT_CLASS = YES_ERROR;
				CLANG_WARN_QUOTED_INCLUDE_IN_FRAMEWORK_HEADER = YES;
				CLANG_WARN_RANGE_LOOP_ANALYSIS = YES;
				CLANG_WARN_STRICT_PROTOTYPES = YES;
				CLANG_WARN_SUSPICIOUS_MOVE = YES;
				CLANG_WARN_UNGUARDED_AVAILABILITY = YES_AGGRESSIVE;
				CLANG_WARN_UNREACHABLE_CODE = YES;
				CLANG_WARN__DUPLICATE_METHOD_MATCH = YES;
				COPY_PHASE_STRIP = NO;
				DEBUG_INFORMATION_FORMAT = "dwarf-with-dsym";
				ENABLE_NS_ASSERTIONS = NO;
				ENABLE_STRICT_OBJC_MSGSEND = YES;
				GCC_C_LANGUAGE_STANDARD = gnu11;
				GCC_NO_COMMON_BLOCKS = YES;
				GCC_WARN_64_TO_32_BIT_CONVERSION = YES;
				GCC_WARN_ABOUT_RETURN_TYPE = YES_ERROR;
				GCC_WARN_UNDECLARED_SELECTOR = YES;
				GCC_WARN_UNINITIALIZED_AUTOS = YES_AGGRESSIVE;
				GCC_WARN_UNUSED_FUNCTION = YES;
				GCC_WARN_UNUSED_VARIABLE = YES;
				IPHONEOS_DEPLOYMENT_TARGET = 16.2;
				MTL_ENABLE_DEBUG_INFO = NO;
				MTL_FAST_MATH = YES;
				SDKROOT = iphoneos;
				SWIFT_COMPILATION_MODE = wholemodule;
				SWIFT_OPTIMIZATION_LEVEL = "-O";
				VALIDATE_PRODUCT = YES;
			};
			name = Release;
		};
		6CDBE1BB29D66B3D0006A516 /* Debug */ = {
			isa = XCBuildConfiguration;
			buildSettings = {
				ASSETCATALOG_COMPILER_APPICON_NAME = AppIcon;
				ASSETCATALOG_COMPILER_GLOBAL_ACCENT_COLOR_NAME = AccentColor;
				CODE_SIGN_STYLE = Automatic;
				CURRENT_PROJECT_VERSION = 1;
				DEVELOPMENT_ASSET_PATHS = "\"Movie Booking Reservation/Preview Content\"";
				DEVELOPMENT_TEAM = 28Z45T22J2;
				ENABLE_PREVIEWS = YES;
				GENERATE_INFOPLIST_FILE = YES;
				INFOPLIST_KEY_UIApplicationSceneManifest_Generation = YES;
				INFOPLIST_KEY_UIApplicationSupportsIndirectInputEvents = YES;
				INFOPLIST_KEY_UILaunchScreen_Generation = YES;
				INFOPLIST_KEY_UISupportedInterfaceOrientations_iPad = "UIInterfaceOrientationPortrait UIInterfaceOrientationPortraitUpsideDown UIInterfaceOrientationLandscapeLeft UIInterfaceOrientationLandscapeRight";
				INFOPLIST_KEY_UISupportedInterfaceOrientations_iPhone = "UIInterfaceOrientationPortrait UIInterfaceOrientationLandscapeLeft UIInterfaceOrientationLandscapeRight";
				LD_RUNPATH_SEARCH_PATHS = (
					"$(inherited)",
					"@executable_path/Frameworks",
				);
				MARKETING_VERSION = 1.0;
				PRODUCT_BUNDLE_IDENTIFIER = "com.rotadevsolutions.Movie-Booking-Reservation";
				PRODUCT_NAME = "$(TARGET_NAME)";
				SWIFT_EMIT_LOC_STRINGS = YES;
				SWIFT_VERSION = 5.0;
				TARGETED_DEVICE_FAMILY = "1,2";
			};
			name = Debug;
		};
		6CDBE1BC29D66B3D0006A516 /* Release */ = {
			isa = XCBuildConfiguration;
			buildSettings = {
				ASSETCATALOG_COMPILER_APPICON_NAME = AppIcon;
				ASSETCATALOG_COMPILER_GLOBAL_ACCENT_COLOR_NAME = AccentColor;
				CODE_SIGN_STYLE = Automatic;
				CURRENT_PROJECT_VERSION = 1;
				DEVELOPMENT_ASSET_PATHS = "\"Movie Booking Reservation/Preview Content\"";
				DEVELOPMENT_TEAM = 28Z45T22J2;
				ENABLE_PREVIEWS = YES;
				GENERATE_INFOPLIST_FILE = YES;
				INFOPLIST_KEY_UIApplicationSceneManifest_Generation = YES;
				INFOPLIST_KEY_UIApplicationSupportsIndirectInputEvents = YES;
				INFOPLIST_KEY_UILaunchScreen_Generation = YES;
				INFOPLIST_KEY_UISupportedInterfaceOrientations_iPad = "UIInterfaceOrientationPortrait UIInterfaceOrientationPortraitUpsideDown UIInterfaceOrientationLandscapeLeft UIInterfaceOrientationLandscapeRight";
				INFOPLIST_KEY_UISupportedInterfaceOrientations_iPhone = "UIInterfaceOrientationPortrait UIInterfaceOrientationLandscapeLeft UIInterfaceOrientationLandscapeRight";
				LD_RUNPATH_SEARCH_PATHS = (
					"$(inherited)",
					"@executable_path/Frameworks",
				);
				MARKETING_VERSION = 1.0;
				PRODUCT_BUNDLE_IDENTIFIER = "com.rotadevsolutions.Movie-Booking-Reservation";
				PRODUCT_NAME = "$(TARGET_NAME)";
				SWIFT_EMIT_LOC_STRINGS = YES;
				SWIFT_VERSION = 5.0;
				TARGETED_DEVICE_FAMILY = "1,2";
			};
			name = Release;
		};
/* End XCBuildConfiguration section */

/* Begin XCConfigurationList section */
		6CDBE1A729D66B3B0006A516 /* Build configuration list for PBXProject "Movie Booking Reservation" */ = {
			isa = XCConfigurationList;
			buildConfigurations = (
				6CDBE1B829D66B3D0006A516 /* Debug */,
				6CDBE1B929D66B3D0006A516 /* Release */,
			);
			defaultConfigurationIsVisible = 0;
			defaultConfigurationName = Release;
		};
		6CDBE1BA29D66B3D0006A516 /* Build configuration list for PBXNativeTarget "Movie Booking Reservation" */ = {
			isa = XCConfigurationList;
			buildConfigurations = (
				6CDBE1BB29D66B3D0006A516 /* Debug */,
				6CDBE1BC29D66B3D0006A516 /* Release */,
			);
			defaultConfigurationIsVisible = 0;
			defaultConfigurationName = Release;
		};
/* End XCConfigurationList section */
	};
	rootObject = 6CDBE1A429D66B3B0006A516 /* Project object */;
}
